
Microsoft Visual Studio Solution File, Format Version 12.00
# Visual Studio Version 16
VisualStudioVersion = 16.0.32802.440
MinimumVisualStudioVersion = 10.0.40219.1
Project("{8BC9CEB8-8B4A-11D0-8D11-00A0C91BC942}") = "WOLF3DCPP3", "WOLF3DCPP3\WOLF3DCPP3.vcxproj", "{BFB7FF7A-53BC-47FC-A595-CF434EB3AE3E}"
EndProject
Project("{2150E333-8FDC-42A3-9474-1A3956D46DE8}") = "Textures", "Textures", "{4A14745B-CC5E-4FF1-8F8F-B84C9B0A330C}"
	ProjectSection(SolutionItems) = preProject
		WOLF3DCPP3\Textures\AllTextures.bmp = WOLF3DCPP3\Textures\AllTextures.bmp
		WOLF3DCPP3\Textures\AllTextures.ppm = WOLF3DCPP3\Textures\AllTextures.ppm
		WOLF3DCPP3\Textures\lost.bmp = WOLF3DCPP3\Textures\lost.bmp
		WOLF3DCPP3\Textures\lost.ppm = WOLF3DCPP3\Textures\lost.ppm
		WOLF3DCPP3\Textures\sky.bmp = WOLF3DCPP3\Textures\sky.bmp
		WOLF3DCPP3\Textures\sky.ppm = WOLF3DCPP3\Textures\sky.ppm
		WOLF3DCPP3\Textures\sprites.bmp = WOLF3DCPP3\Textures\sprites.bmp
		WOLF3DCPP3\Textures\sprites.ppm = WOLF3DCPP3\Textures\sprites.ppm
		WOLF3DCPP3\Textures\title.bmp = WOLF3DCPP3\Textures\title.bmp
		WOLF3DCPP3\Textures\title.ppm = WOLF3DCPP3\Textures\title.ppm
		WOLF3DCPP3\Textures\won.bmp = WOLF3DCPP3\Textures\won.bmp
		WOLF3DCPP3\Textures\won.ppm = WOLF3DCPP3\Textures\won.ppm
	EndProjectSection
EndProject
Project("{2150E333-8FDC-42A3-9474-1A3956D46DE8}") = "Maps", "Maps", "{6602AA44-F29F-4199-859F-08D7549D5586}"
	ProjectSection(SolutionItems) = preProject
		WOLF3DCPP3\Maps\map0.wmap = WOLF3DCPP3\Maps\map0.wmap
		WOLF3DCPP3\Maps\map1.wmap = WOLF3DCPP3\Maps\map1.wmap
		WOLF3DCPP3\Maps\test1.wmap = WOLF3DCPP3\Maps\test1.wmap
		WOLF3DCPP3\Maps\test2.wmap = WOLF3DCPP3\Maps\test2.wmap
		WOLF3DCPP3\Maps\test3.wmap = WOLF3DCPP3\Maps\test3.wmap
	EndProjectSection
EndProject
Global
	GlobalSection(SolutionConfigurationPlatforms) = preSolution
		Debug|x64 = Debug|x64
		Debug|x86 = Debug|x86
		Release|x64 = Release|x64
		Release|x86 = Release|x86
	EndGlobalSection
	GlobalSection(ProjectConfigurationPlatforms) = postSolution
		{BFB7FF7A-53BC-47FC-A595-CF434EB3AE3E}.Debug|x64.ActiveCfg = Debug|x64
		{BFB7FF7A-53BC-47FC-A595-CF434EB3AE3E}.Debug|x64.Build.0 = Debug|x64
		{BFB7FF7A-53BC-47FC-A595-CF434EB3AE3E}.Debug|x86.ActiveCfg = Debug|Win32
		{BFB7FF7A-53BC-47FC-A595-CF434EB3AE3E}.Debug|x86.Build.0 = Debug|Win32
		{BFB7FF7A-53BC-47FC-A595-CF434EB3AE3E}.Release|x64.ActiveCfg = Release|x64
		{BFB7FF7A-53BC-47FC-A595-CF434EB3AE3E}.Release|x64.Build.0 = Release|x64
		{BFB7FF7A-53BC-47FC-A595-CF434EB3AE3E}.Release|x86.ActiveCfg = Release|Win32
		{BFB7FF7A-53BC-47FC-A595-CF434EB3AE3E}.Release|x86.Build.0 = Release|Win32
	EndGlobalSection
	GlobalSection(SolutionProperties) = preSolution
		HideSolutionNode = FALSE
	EndGlobalSection
	GlobalSection(ExtensibilityGlobals) = postSolution
		SolutionGuid = {17177ABD-5AA5-4DE7-A948-81BC3DA6BBCF}
	EndGlobalSection
EndGlobal
